<?xml version="1.0" encoding="utf-8"?>
<Project ToolsVersion="4.0" xmlns="http://schemas.microsoft.com/developer/msbuild/2003">
  <ItemGroup>
    <Filter Include="header">
      <UniqueIdentifier>{b13c5f0c-94c8-4791-817b-e1f1b4a33904}</UniqueIdentifier>
    </Filter>
    <Filter Include="source">
      <UniqueIdentifier>{01064ae5-c864-4bc9-b7e5-d11900a1c994}</UniqueIdentifier>
    </Filter>
    <Filter Include="header\util">
      <UniqueIdentifier>{1d050467-40da-4184-84bc-09c95e0cd680}</UniqueIdentifier>
    </Filter>
    <Filter Include="source\util">
      <UniqueIdentifier>{c159d3bc-91dc-4b3a-891e-96cee1f33c3d}</UniqueIdentifier>
    </Filter>
    <Filter Include="header\command">
      <UniqueIdentifier>{c9e463a2-f3d7-4dfc-8fa9-9fabf9b1521f}</UniqueIdentifier>
    </Filter>
    <Filter Include="source\command">
      <UniqueIdentifier>{ec612a96-6522-4557-99e6-2ebc7ff36154}</UniqueIdentifier>
    </Filter>
    <Filter Include="source\filesystem">
      <UniqueIdentifier>{9aa3b078-47d6-4a94-869c-182887129b9e}</UniqueIdentifier>
    </Filter>
    <Filter Include="header\filesystem">
      <UniqueIdentifier>{28f5e0fe-e634-414b-926f-fddd71bdcea0}</UniqueIdentifier>
    </Filter>
  </ItemGroup>
  <ItemGroup>
    <ClCompile Include="main.cpp" />
    <ClCompile Include="util\Common.cpp">
      <Filter>source\util</Filter>
    </ClCompile>
    <ClCompile Include="command\BaseCommand.cpp">
      <Filter>source\command</Filter>
    </ClCompile>
    <ClCompile Include="command\CdCommand.cpp">
      <Filter>source\command</Filter>
    </ClCompile>
    <ClCompile Include="command\CopyCommand.cpp">
      <Filter>source\command</Filter>
    </ClCompile>
    <ClCompile Include="command\DelCommand.cpp">
      <Filter>source\command</Filter>
    </ClCompile>
    <ClCompile Include="command\DirCommand.cpp">
      <Filter>source\command</Filter>
    </ClCompile>
    <ClCompile Include="command\LoadCommand.cpp">
      <Filter>source\command</Filter>
    </ClCompile>
    <ClCompile Include="command\MdCommand.cpp">
      <Filter>source\command</Filter>
    </ClCompile>
    <ClCompile Include="command\MoveCommand.cpp">
      <Filter>source\command</Filter>
    </ClCompile>
    <ClCompile Include="command\RdCommand.cpp">
      <Filter>source\command</Filter>
    </ClCompile>
    <ClCompile Include="command\RenCommand.cpp">
      <Filter>source\command</Filter>
    </ClCompile>
    <ClCompile Include="command\SaveCommand.cpp">
      <Filter>source\command</Filter>
    </ClCompile>
    <ClCompile Include="application.cpp">
      <Filter>source</Filter>
    </ClCompile>
    <ClCompile Include="node\BaseNode.cpp">
      <Filter>source\filesystem</Filter>
    </ClCompile>
    <ClCompile Include="node\NodeTree.cpp">
      <Filter>source\filesystem</Filter>
    </ClCompile>
    <ClCompile Include="command\CommandFactory.cpp">
      <Filter>source\command</Filter>
    </ClCompile>
    <ClCompile Include="command\UndefinedCommand.cpp">
      <Filter>source\command</Filter>
    </ClCompile>
    <ClCompile Include="command\MklinkCommand.cpp">
      <Filter>source\command</Filter>
    </ClCompile>
    <ClCompile Include="node\SymlinkNode.cpp">
      <Filter>source\filesystem</Filter>
    </ClCompile>
    <ClCompile Include="node\DirNode.cpp">
      <Filter>source\filesystem</Filter>
    </ClCompile>
    <ClCompile Include="node\FileNode.cpp">
      <Filter>source\filesystem</Filter>
    </ClCompile>
    <ClCompile Include="command\ClsCommand.cpp">
      <Filter>source\command</Filter>
    </ClCompile>
    <ClCompile Include="util\Banner.cpp">
      <Filter>source\util</Filter>
    </ClCompile>
    <ClCompile Include="node\NodeTreeManager.cpp">
      <Filter>source\filesystem</Filter>
    </ClCompile>
    <ClCompile Include="command\CommandArgs.cpp">
      <Filter>source\command</Filter>
    </ClCompile>
    <ClCompile Include="util\StringTool.cpp">
      <Filter>source\util</Filter>
    </ClCompile>
    <ClCompile Include="util\Log.cpp">
      <Filter>source\util</Filter>
    </ClCompile>
    <ClCompile Include="util\Define.cpp">
      <Filter>source\util</Filter>
    </ClCompile>
    <ClCompile Include="util\PathTool.cpp">
      <Filter>source\util</Filter>
    </ClCompile>
    <ClCompile Include="util\Path.cpp">
      <Filter>source\util</Filter>
    </ClCompile>
  </ItemGroup>
  <ItemGroup>
    <ClInclude Include="util\Common.h">
      <Filter>header\util</Filter>
    </ClInclude>
    <ClInclude Include="command\BaseCommand.h">
      <Filter>header\command</Filter>
    </ClInclude>
    <ClInclude Include="command\CdCommand.h">
      <Filter>header\command</Filter>
    </ClInclude>
    <ClInclude Include="command\CopyCommand.h">
      <Filter>header\command</Filter>
    </ClInclude>
    <ClInclude Include="command\DelCommand.h">
      <Filter>header\command</Filter>
    </ClInclude>
    <ClInclude Include="command\DirCommand.h">
      <Filter>header\command</Filter>
    </ClInclude>
    <ClInclude Include="command\LoadCommand.h">
      <Filter>header\command</Filter>
    </ClInclude>
    <ClInclude Include="command\MdCommand.h">
      <Filter>header\command</Filter>
    </ClInclude>
    <ClInclude Include="command\MoveCommand.h">
      <Filter>header\command</Filter>
    </ClInclude>
    <ClInclude Include="command\RdCommand.h">
      <Filter>header\command</Filter>
    </ClInclude>
    <ClInclude Include="command\RenCommand.h">
      <Filter>header\command</Filter>
    </ClInclude>
    <ClInclude Include="command\SaveCommand.h">
      <Filter>header\command</Filter>
    </ClInclude>
    <ClInclude Include="application.h">
      <Filter>header</Filter>
    </ClInclude>
    <ClInclude Include="node\BaseNode.h">
      <Filter>header\filesystem</Filter>
    </ClInclude>
    <ClInclude Include="node\NodeTree.h">
      <Filter>header\filesystem</Filter>
    </ClInclude>
    <ClInclude Include="command\CommandFactory.h">
      <Filter>header\command</Filter>
    </ClInclude>
    <ClInclude Include="util\Console.hpp">
      <Filter>header\util</Filter>
    </ClInclude>
    <ClInclude Include="command\UndefinedCommand.h">
      <Filter>header\command</Filter>
    </ClInclude>
    <ClInclude Include="command\MklinkCommand.h">
      <Filter>header\command</Filter>
    </ClInclude>
    <ClInclude Include="node\DirNode.h">
      <Filter>header\filesystem</Filter>
    </ClInclude>
    <ClInclude Include="node\FileNode.h">
      <Filter>header\filesystem</Filter>
    </ClInclude>
    <ClInclude Include="node\SymlinkNode.h">
      <Filter>header\filesystem</Filter>
    </ClInclude>
    <ClInclude Include="command\ClsCommand.h">
      <Filter>header\command</Filter>
    </ClInclude>
    <ClInclude Include="util\Banner.h">
      <Filter>header\util</Filter>
    </ClInclude>
    <ClInclude Include="node\NodeTreeManager.h">
      <Filter>header\filesystem</Filter>
    </ClInclude>
    <ClInclude Include="command\CommandArgs.h">
      <Filter>header\command</Filter>
    </ClInclude>
    <ClInclude Include="util\StringTool.h">
      <Filter>header\util</Filter>
    </ClInclude>
    <ClInclude Include="util\Log.h">
      <Filter>header\util</Filter>
    </ClInclude>
    <ClInclude Include="util\Define.h">
      <Filter>header\util</Filter>
    </ClInclude>
    <ClInclude Include="util\PathTool.h">
      <Filter>header\util</Filter>
    </ClInclude>
    <ClInclude Include="util\Path.h">
      <Filter>header\util</Filter>
    </ClInclude>
  </ItemGroup>
</Project>